
Microsoft Visual Studio Solution File, Format Version 12.00
# Visual Studio Version 17
VisualStudioVersion = 17.0.32112.339
MinimumVisualStudioVersion = 10.0.40219.1
Project("{FAE04EC0-301F-11D3-BF4B-00C04F79EFBC}") = "BinarySearchTree", "BinarySearchTree.csproj", "{53224A9B-D6AB-49A1-AB15-39FDB16B1CCF}"
EndProject
Global
	GlobalSection(SolutionConfigurationPlatforms) = preSolution
		Debug|Any CPU = Debug|Any CPU
		Release|Any CPU = Release|Any CPU
	EndGlobalSection
	GlobalSection(ProjectConfigurationPlatforms) = postSolution
		{53224A9B-D6AB-49A1-AB15-39FDB16B1CCF}.Debug|Any CPU.ActiveCfg = Debug|Any CPU
		{53224A9B-D6AB-49A1-AB15-39FDB16B1CCF}.Debug|Any CPU.Build.0 = Debug|Any CPU
		{53224A9B-D6AB-49A1-AB15-39FDB16B1CCF}.Release|Any CPU.ActiveCfg = Release|Any CPU
		{53224A9B-D6AB-49A1-AB15-39FDB16B1CCF}.Release|Any CPU.Build.0 = Release|Any CPU
	EndGlobalSection
	GlobalSection(SolutionProperties) = preSolution
		HideSolutionNode = FALSE
	EndGlobalSection
	GlobalSection(ExtensibilityGlobals) = postSolution
		SolutionGuid = {F5331479-17F1-4BA8-885A-AEA54C2FE758}
	EndGlobalSection
EndGlobal
